
Microsoft Visual Studio Solution File, Format Version 12.00
# Visual Studio 15
VisualStudioVersion = 15.0.27004.2006
MinimumVisualStudioVersion = 10.0.40219.1
Project("{FAE04EC0-301F-11D3-BF4B-00C04F79EFBC}") = "OrderBot", "OrderBot\OrderBot.csproj", "{ADAB8046-BC4B-4538-B0B9-8A99C4050B20}"
EndProject
Project("{FAE04EC0-301F-11D3-BF4B-00C04F79EFBC}") = "OrderBot.Shared", "OrderBot.Shared\OrderBot.Shared.csproj", "{CE62A945-0F87-4518-92DB-5619B339F676}"
EndProject
Project("{FAE04EC0-301F-11D3-BF4B-00C04F79EFBC}") = "OrderBot.Luis", "OrderBot.Luis\OrderBot.Luis.csproj", "{5847BCED-E9B1-432B-8AB2-CF52D4F5E0A0}"
EndProject
Project("{FAE04EC0-301F-11D3-BF4B-00C04F79EFBC}") = "OrderBot.Utilities", "OrderBot.Utilities\OrderBot.Utilities.csproj", "{EFAA2E7A-B7DA-4A9F-B183-7210F2AD3C4E}"
EndProject
Project("{FAE04EC0-301F-11D3-BF4B-00C04F79EFBC}") = "OrderBot.Entity", "OrderBot.Entity\OrderBot.Entity.csproj", "{91764E8F-FE29-496F-A1BA-803FD2B90CD3}"
EndProject
Project("{FAE04EC0-301F-11D3-BF4B-00C04F79EFBC}") = "OrderBot.Tests", "OrderBotTests\OrderBot.Tests.csproj", "{F45D0DC4-9F38-4B80-BBAC-E24EF471760A}"
EndProject
Global
	GlobalSection(SolutionConfigurationPlatforms) = preSolution
		Debug|Any CPU = Debug|Any CPU
		Release|Any CPU = Release|Any CPU
	EndGlobalSection
	GlobalSection(ProjectConfigurationPlatforms) = postSolution
		{ADAB8046-BC4B-4538-B0B9-8A99C4050B20}.Debug|Any CPU.ActiveCfg = Debug|Any CPU
		{ADAB8046-BC4B-4538-B0B9-8A99C4050B20}.Debug|Any CPU.Build.0 = Debug|Any CPU
		{ADAB8046-BC4B-4538-B0B9-8A99C4050B20}.Release|Any CPU.ActiveCfg = Release|Any CPU
		{ADAB8046-BC4B-4538-B0B9-8A99C4050B20}.Release|Any CPU.Build.0 = Release|Any CPU
		{CE62A945-0F87-4518-92DB-5619B339F676}.Debug|Any CPU.ActiveCfg = Debug|Any CPU
		{CE62A945-0F87-4518-92DB-5619B339F676}.Debug|Any CPU.Build.0 = Debug|Any CPU
		{CE62A945-0F87-4518-92DB-5619B339F676}.Release|Any CPU.ActiveCfg = Release|Any CPU
		{CE62A945-0F87-4518-92DB-5619B339F676}.Release|Any CPU.Build.0 = Release|Any CPU
		{5847BCED-E9B1-432B-8AB2-CF52D4F5E0A0}.Debug|Any CPU.ActiveCfg = Debug|Any CPU
		{5847BCED-E9B1-432B-8AB2-CF52D4F5E0A0}.Debug|Any CPU.Build.0 = Debug|Any CPU
		{5847BCED-E9B1-432B-8AB2-CF52D4F5E0A0}.Release|Any CPU.ActiveCfg = Release|Any CPU
		{5847BCED-E9B1-432B-8AB2-CF52D4F5E0A0}.Release|Any CPU.Build.0 = Release|Any CPU
		{EFAA2E7A-B7DA-4A9F-B183-7210F2AD3C4E}.Debug|Any CPU.ActiveCfg = Debug|Any CPU
		{EFAA2E7A-B7DA-4A9F-B183-7210F2AD3C4E}.Debug|Any CPU.Build.0 = Debug|Any CPU
		{EFAA2E7A-B7DA-4A9F-B183-7210F2AD3C4E}.Release|Any CPU.ActiveCfg = Release|Any CPU
		{EFAA2E7A-B7DA-4A9F-B183-7210F2AD3C4E}.Release|Any CPU.Build.0 = Release|Any CPU
		{91764E8F-FE29-496F-A1BA-803FD2B90CD3}.Debug|Any CPU.ActiveCfg = Debug|Any CPU
		{91764E8F-FE29-496F-A1BA-803FD2B90CD3}.Debug|Any CPU.Build.0 = Debug|Any CPU
		{91764E8F-FE29-496F-A1BA-803FD2B90CD3}.Release|Any CPU.ActiveCfg = Release|Any CPU
		{91764E8F-FE29-496F-A1BA-803FD2B90CD3}.Release|Any CPU.Build.0 = Release|Any CPU
		{F45D0DC4-9F38-4B80-BBAC-E24EF471760A}.Debug|Any CPU.ActiveCfg = Debug|Any CPU
		{F45D0DC4-9F38-4B80-BBAC-E24EF471760A}.Debug|Any CPU.Build.0 = Debug|Any CPU
		{F45D0DC4-9F38-4B80-BBAC-E24EF471760A}.Release|Any CPU.ActiveCfg = Release|Any CPU
		{F45D0DC4-9F38-4B80-BBAC-E24EF471760A}.Release|Any CPU.Build.0 = Release|Any CPU
	EndGlobalSection
	GlobalSection(SolutionProperties) = preSolution
		HideSolutionNode = FALSE
	EndGlobalSection
	GlobalSection(ExtensibilityGlobals) = postSolution
		SolutionGuid = {50DF1CDE-BF47-40CD-A72C-2EE0EF76DCB1}
	EndGlobalSection
EndGlobal
